// !$*UTF8*$!
{
	archiveVersion = 1;
	classes = {
	};
	objectVersion = 77;
	objects = {

/* Begin PBXContainerItemProxy section */
		83FC44202F50036F0089C5F8 /* PBXContainerItemProxy */ = {
			isa = PBXContainerItemProxy;
			containerPortal = 83FC44082F50036E0089C5F8 /* Project object */;
			proxyType = 1;
			remoteGlobalIDString = 83FC440F2F50036E0089C5F8;
			remoteInfo = "MPS-iOS";
		};
		83FC442A2F50036F0089C5F8 /* PBXContainerItemProxy */ = {
			isa = PBXContainerItemProxy;
			containerPortal = 83FC44082F50036E0089C5F8 /* Project object */;
			proxyType = 1;
			remoteGlobalIDString = 83FC440F2F50036E0089C5F8;
			remoteInfo = "MPS-iOS";
		};
/* End PBXContainerItemProxy section */

/* Begin PBXFileReference section */
		83FC44102F50036E0089C5F8 /* MPS-iOS.app */ = {isa = PBXFileReference; explicitFileType = wrapper.application; includeInIndex = 0; path = "MPS-iOS.app"; sourceTree = BUILT_PRODUCTS_DIR; };
		83FC441F2F50036F0089C5F8 /* MPS-iOSTests.xctest */ = {isa = PBXFileReference; explicitFileType = wrapper.cfbundle; includeInIndex = 0; path = "MPS-iOSTests.xctest"; sourceTree = BUILT_PRODUCTS_DIR; };
		83FC44292F50036F0089C5F8 /* MPS-iOSUITests.xctest */ = {isa = PBXFileReference; explicitFileType = wrapper.cfbundle; includeInIndex = 0; path = "MPS-iOSUITests.xctest"; sourceTree = BUILT_PRODUCTS_DIR; };
/* End PBXFileReference section */

/* Begin PBXFileSystemSynchronizedBuildFileExceptionSet section */
		83FC443C2F50036F0089C5F8 /* Exceptions for "MPS-iOS" folder in "MPS-iOS" target */ = {
			isa = PBXFileSystemSynchronizedBuildFileExceptionSet;
			membershipExceptions = (
				Info.plist,
			);
			target = 83FC440F2F50036E0089C5F8 /* MPS-iOS */;
		};
/* End PBXFileSystemSynchronizedBuildFileExceptionSet section */

/* Begin PBXFileSystemSynchronizedRootGroup section */
		83FC44122F50036E0089C5F8 /* MPS-iOS */ = {
			isa = PBXFileSystemSynchronizedRootGroup;
			exceptions = (
				83FC443C2F50036F0089C5F8 /* Exceptions for "MPS-iOS" folder in "MPS-iOS" target */,
			);
			path = "MPS-iOS";
			sourceTree = "<group>";
		};
		83FC44222F50036F0089C5F8 /* MPS-iOSTests */ = {
			isa = PBXFileSystemSynchronizedRootGroup;
			path = "MPS-iOSTests";
			sourceTree = "<group>";
		};
		83FC442C2F50036F0089C5F8 /* MPS-iOSUITests */ = {
			isa = PBXFileSystemSynchronizedRootGroup;
			path = "MPS-iOSUITests";
			sourceTree = "<group>";
		};
/* End PBXFileSystemSynchronizedRootGroup section */

/* Begin PBXFrameworksBuildPhase section */
		83FC440D2F50036E0089C5F8 /* Frameworks */ = {
			isa = PBXFrameworksBuildPhase;
			buildActionMask = 2147483647;
			files = (
			);
			runOnlyForDeploymentPostprocessing = 0;
		};
		83FC441C2F50036F0089C5F8 /* Frameworks */ = {
			isa = PBXFrameworksBuildPhase;
			buildActionMask = 2147483647;
			files = (
			);
			runOnlyForDeploymentPostprocessing = 0;
		};
		83FC44262F50036F0089C5F8 /* Frameworks */ = {
			isa = PBXFrameworksBuildPhase;
			buildActionMask = 2147483647;
			files = (
			);
			runOnlyForDeploymentPostprocessing = 0;
		};
/* End PBXFrameworksBuildPhase section */

/* Begin PBXGroup section */
		83FC44072F50036E0089C5F8 = {
			isa = PBXGroup;
			children = (
				83FC44122F50036E0089C5F8 /* MPS-iOS */,
				83FC44222F50036F0089C5F8 /* MPS-iOSTests */,
				83FC442C2F50036F0089C5F8 /* MPS-iOSUITests */,
				83FC44112F50036E0089C5F8 /* Products */,
			);
			sourceTree = "<group>";
		};
		83FC44112F50036E0089C5F8 /* Products */ = {
			isa = PBXGroup;
			children = (
				83FC44102F50036E0089C5F8 /* MPS-iOS.app */,
				83FC441F2F50036F0089C5F8 /* MPS-iOSTests.xctest */,
				83FC44292F50036F0089C5F8 /* MPS-iOSUITests.xctest */,
			);
			name = Products;
			sourceTree = "<group>";
		};
/* End PBXGroup section */

/* Begin PBXNativeTarget section */
		83FC440F2F50036E0089C5F8 /* MPS-iOS */ = {
			isa = PBXNativeTarget;
			buildConfigurationList = 83FC44332F50036F0089C5F8 /* Build configuration list for PBXNativeTarget "MPS-iOS" */;
			buildPhases = (
				83FC440C2F50036E0089C5F8 /* Sources */,
				83FC440D2F50036E0089C5F8 /* Frameworks */,
				83FC440E2F50036E0089C5F8 /* Resources */,
			);
			buildRules = (
			);
			dependencies = (
			);
			fileSystemSynchronizedGroups = (
				83FC44122F50036E0089C5F8 /* MPS-iOS */,
			);
			name = "MPS-iOS";
			packageProductDependencies = (
			);
			productName = "MPS-iOS";
			productReference = 83FC44102F50036E0089C5F8 /* MPS-iOS.app */;
			productType = "com.apple.product-type.application";
		};
		83FC441E2F50036F0089C5F8 /* MPS-iOSTests */ = {
			isa = PBXNativeTarget;
			buildConfigurationList = 83FC44362F50036F0089C5F8 /* Build configuration list for PBXNativeTarget "MPS-iOSTests" */;
			buildPhases = (
				83FC441B2F50036F0089C5F8 /* Sources */,
				83FC441C2F50036F0089C5F8 /* Frameworks */,
				83FC441D2F50036F0089C5F8 /* Resources */,
			);
			buildRules = (
			);
			dependencies = (
				83FC44212F50036F0089C5F8 /* PBXTargetDependency */,
			);
			fileSystemSynchronizedGroups = (
				83FC44222F50036F0089C5F8 /* MPS-iOSTests */,
			);
			name = "MPS-iOSTests";
			packageProductDependencies = (
			);
			productName = "MPS-iOSTests";
			productReference = 83FC441F2F50036F0089C5F8 /* MPS-iOSTests.xctest */;
			productType = "com.apple.product-type.bundle.unit-test";
		};
		83FC44282F50036F0089C5F8 /* MPS-iOSUITests */ = {
			isa = PBXNativeTarget;
			buildConfigurationList = 83FC44392F50036F0089C5F8 /* Build configuration list for PBXNativeTarget "MPS-iOSUITests" */;
			buildPhases = (
				83FC44252F50036F0089C5F8 /* Sources */,
				83FC44262F50036F0089C5F8 /* Frameworks */,
				83FC44272F50036F0089C5F8 /* Resources */,
			);
			buildRules = (
			);
			dependencies = (
				83FC442B2F50036F0089C5F8 /* PBXTargetDependency */,
			);
			fileSystemSynchronizedGroups = (
				83FC442C2F50036F0089C5F8 /* MPS-iOSUITests */,
			);
			name = "MPS-iOSUITests";
			packageProductDependencies = (
			);
			productName = "MPS-iOSUITests";
			productReference = 83FC44292F50036F0089C5F8 /* MPS-iOSUITests.xctest */;
			productType = "com.apple.product-type.bundle.ui-testing";
		};
/* End PBXNativeTarget section */

/* Begin PBXProject section */
		83FC44082F50036E0089C5F8 /* Project object */ = {
			isa = PBXProject;
			attributes = {
				BuildIndependentTargetsInParallel = 1;
				LastSwiftUpdateCheck = 2620;
				LastUpgradeCheck = 2620;
				TargetAttributes = {
					83FC440F2F50036E0089C5F8 = {
						CreatedOnToolsVersion = 26.2;
					};
					83FC441E2F50036F0089C5F8 = {
						CreatedOnToolsVersion = 26.2;
						TestTargetID = 83FC440F2F50036E0089C5F8;
					};
					83FC44282F50036F0089C5F8 = {
						CreatedOnToolsVersion = 26.2;
						TestTargetID = 83FC440F2F50036E0089C5F8;
					};
				};
			};
			buildConfigurationList = 83FC440B2F50036E0089C5F8 /* Build configuration list for PBXProject "MPS-iOS" */;
			developmentRegion = en;
			hasScannedForEncodings = 0;
			knownRegions = (
				en,
				Base,
			);
			mainGroup = 83FC44072F50036E0089C5F8;
			minimizedProjectReferenceProxies = 1;
			preferredProjectObjectVersion = 77;
			productRefGroup = 83FC44112F50036E0089C5F8 /* Products */;
			projectDirPath = "";
			projectRoot = "";
			targets = (
				83FC440F2F50036E0089C5F8 /* MPS-iOS */,
				83FC441E2F50036F0089C5F8 /* MPS-iOSTests */,
				83FC44282F50036F0089C5F8 /* MPS-iOSUITests */,
			);
		};
/* End PBXProject section */

/* Begin PBXResourcesBuildPhase section */
		83FC440E2F50036E0089C5F8 /* Resources */ = {
			isa = PBXResourcesBuildPhase;
			buildActionMask = 2147483647;
			files = (
			);
			runOnlyForDeploymentPostprocessing = 0;
		};
		83FC441D2F50036F0089C5F8 /* Resources */ = {
			isa = PBXResourcesBuildPhase;
			buildActionMask = 2147483647;
			files = (
			);
			runOnlyForDeploymentPostprocessing = 0;
		};
		83FC44272F50036F0089C5F8 /* Resources */ = {
			isa = PBXResourcesBuildPhase;
			buildActionMask = 2147483647;
			files = (
			);
			runOnlyForDeploymentPostprocessing = 0;
		};
/* End PBXResourcesBuildPhase section */

/* Begin PBXSourcesBuildPhase section */
		83FC440C2F50036E0089C5F8 /* Sources */ = {
			isa = PBXSourcesBuildPhase;
			buildActionMask = 2147483647;
			files = (
			);
			runOnlyForDeploymentPostprocessing = 0;
		};
		83FC441B2F50036F0089C5F8 /* Sources */ = {
			isa = PBXSourcesBuildPhase;
			buildActionMask = 2147483647;
			files = (
			);
			runOnlyForDeploymentPostprocessing = 0;
		};
		83FC44252F50036F0089C5F8 /* Sources */ = {
			isa = PBXSourcesBuildPhase;
			buildActionMask = 2147483647;
			files = (
			);
			runOnlyForDeploymentPostprocessing = 0;
		};
/* End PBXSourcesBuildPhase section */

/* Begin PBXTargetDependency section */
		83FC44212F50036F0089C5F8 /* PBXTargetDependency */ = {
			isa = PBXTargetDependency;
			target = 83FC440F2F50036E0089C5F8 /* MPS-iOS */;
			targetProxy = 83FC44202F50036F0089C5F8 /* PBXContainerItemProxy */;
		};
		83FC442B2F50036F0089C5F8 /* PBXTargetDependency */ = {
			isa = PBXTargetDependency;
			target = 83FC440F2F50036E0089C5F8 /* MPS-iOS */;
			targetProxy = 83FC442A2F50036F0089C5F8 /* PBXContainerItemProxy */;
		};
/* End PBXTargetDependency section */

/* Begin XCBuildConfiguration section */
		83FC44312F50036F0089C5F8 /* Debug */ = {
			isa = XCBuildConfiguration;
			buildSettings = {
				ALWAYS_SEARCH_USER_PATHS = NO;
				ASSETCATALOG_COMPILER_GENERATE_SWIFT_ASSET_SYMBOL_EXTENSIONS = YES;
				CLANG_ANALYZER_NONNULL = YES;
				CLANG_ANALYZER_NUMBER_OBJECT_CONVERSION = YES_AGGRESSIVE;
				CLANG_CXX_LANGUAGE_STANDARD = "gnu++20";
				CLANG_ENABLE_MODULES = YES;
				CLANG_ENABLE_OBJC_ARC = YES;
				CLANG_ENABLE_OBJC_WEAK = YES;
				CLANG_WARN_BLOCK_CAPTURE_AUTORELEASING = YES;
				CLANG_WARN_BOOL_CONVERSION = YES;
				CLANG_WARN_COMMA = YES;
				CLANG_WARN_CONSTANT_CONVERSION = YES;
				CLANG_WARN_DEPRECATED_OBJC_IMPLEMENTATIONS = YES;
				CLANG_WARN_DIRECT_OBJC_ISA_USAGE = YES_ERROR;
				CLANG_WARN_DOCUMENTATION_COMMENTS = YES;
				CLANG_WARN_EMPTY_BODY = YES;
				CLANG_WARN_ENUM_CONVERSION = YES;
				CLANG_WARN_INFINITE_RECURSION = YES;
				CLANG_WARN_INT_CONVERSION = YES;
				CLANG_WARN_NON_LITERAL_NULL_CONVERSION = YES;
				CLANG_WARN_OBJC_IMPLICIT_RETAIN_SELF = YES;
				CLANG_WARN_OBJC_LITERAL_CONVERSION = YES;
				CLANG_WARN_OBJC_ROOT_CLASS = YES_ERROR;
				CLANG_WARN_QUOTED_INCLUDE_IN_FRAMEWORK_HEADER = YES;
				CLANG_WARN_RANGE_LOOP_ANALYSIS = YES;
				CLANG_WARN_STRICT_PROTOTYPES = YES;
				CLANG_WARN_SUSPICIOUS_MOVE = YES;
				CLANG_WARN_UNGUARDED_AVAILABILITY = YES_AGGRESSIVE;
				CLANG_WARN_UNREACHABLE_CODE = YES;
				CLANG_WARN__DUPLICATE_METHOD_MATCH = YES;
				COPY_PHASE_STRIP = NO;
				DEBUG_INFORMATION_FORMAT = dwarf;
				ENABLE_STRICT_OBJC_MSGSEND = YES;
				ENABLE_TESTABILITY = YES;
				ENABLE_USER_SCRIPT_SANDBOXING = YES;
				GCC_C_LANGUAGE_STANDARD = gnu17;
				GCC_DYNAMIC_NO_PIC = NO;
				GCC_NO_COMMON_BLOCKS = YES;
				GCC_OPTIMIZATION_LEVEL = 0;
				GCC_PREPROCESSOR_DEFINITIONS = (
					"DEBUG=1",
					"$(inherited)",
				);
				GCC_WARN_64_TO_32_BIT_CONVERSION = YES;
				GCC_WARN_ABOUT_RETURN_TYPE = YES_ERROR;
				GCC_WARN_UNDECLARED_SELECTOR = YES;
				GCC_WARN_UNINITIALIZED_AUTOS = YES_AGGRESSIVE;
				GCC_WARN_UNUSED_FUNCTION = YES;
				GCC_WARN_UNUSED_VARIABLE = YES;
				IPHONEOS_DEPLOYMENT_TARGET = 26.2;
				LOCALIZATION_PREFERS_STRING_CATALOGS = YES;
				MTL_ENABLE_DEBUG_INFO = INCLUDE_SOURCE;
				MTL_FAST_MATH = YES;
				ONLY_ACTIVE_ARCH = YES;
				SDKROOT = iphoneos;
				SWIFT_ACTIVE_COMPILATION_CONDITIONS = "DEBUG $(inherited)";
				SWIFT_OPTIMIZATION_LEVEL = "-Onone";
			};
			name = Debug;
		};
		83FC44322F50036F0089C5F8 /* Release */ = {
			isa = XCBuildConfiguration;
			buildSettings = {
				ALWAYS_SEARCH_USER_PATHS = NO;
				ASSETCATALOG_COMPILER_GENERATE_SWIFT_ASSET_SYMBOL_EXTENSIONS = YES;
				CLANG_ANALYZER_NONNULL = YES;
				CLANG_ANALYZER_NUMBER_OBJECT_CONVERSION = YES_AGGRESSIVE;
				CLANG_CXX_LANGUAGE_STANDARD = "gnu++20";
				CLANG_ENABLE_MODULES = YES;
				CLANG_ENABLE_OBJC_ARC = YES;
				CLANG_ENABLE_OBJC_WEAK = YES;
				CLANG_WARN_BLOCK_CAPTURE_AUTORELEASING = YES;
				CLANG_WARN_BOOL_CONVERSION = YES;
				CLANG_WARN_COMMA = YES;
				CLANG_WARN_CONSTANT_CONVERSION = YES;
				CLANG_WARN_DEPRECATED_OBJC_IMPLEMENTATIONS = YES;
				CLANG_WARN_DIRECT_OBJC_ISA_USAGE = YES_ERROR;
				CLANG_WARN_DOCUMENTATION_COMMENTS = YES;
				CLANG_WARN_EMPTY_BODY = YES;
				CLANG_WARN_ENUM_CONVERSION = YES;
				CLANG_WARN_INFINITE_RECURSION = YES;
				CLANG_WARN_INT_CONVERSION = YES;
				CLANG_WARN_NON_LITERAL_NULL_CONVERSION = YES;
				CLANG_WARN_OBJC_IMPLICIT_RETAIN_SELF = YES;
				CLANG_WARN_OBJC_LITERAL_CONVERSION = YES;
				CLANG_WARN_OBJC_ROOT_CLASS = YES_ERROR;
				CLANG_WARN_QUOTED_INCLUDE_IN_FRAMEWORK_HEADER = YES;
				CLANG_WARN_RANGE_LOOP_ANALYSIS = YES;
				CLANG_WARN_STRICT_PROTOTYPES = YES;
				CLANG_WARN_SUSPICIOUS_MOVE = YES;
				CLANG_WARN_UNGUARDED_AVAILABILITY = YES_AGGRESSIVE;
				CLANG_WARN_UNREACHABLE_CODE = YES;
				CLANG_WARN__DUPLICATE_METHOD_MATCH = YES;
				COPY_PHASE_STRIP = NO;
				DEBUG_INFORMATION_FORMAT = "dwarf-with-dsym";
				ENABLE_NS_ASSERTIONS = NO;
				ENABLE_STRICT_OBJC_MSGSEND = YES;
				ENABLE_USER_SCRIPT_SANDBOXING = YES;
				GCC_C_LANGUAGE_STANDARD = gnu17;
				GCC_NO_COMMON_BLOCKS = YES;
				GCC_WARN_64_TO_32_BIT_CONVERSION = YES;
				GCC_WARN_ABOUT_RETURN_TYPE = YES_ERROR;
				GCC_WARN_UNDECLARED_SELECTOR = YES;
				GCC_WARN_UNINITIALIZED_AUTOS = YES_AGGRESSIVE;
				GCC_WARN_UNUSED_FUNCTION = YES;
				GCC_WARN_UNUSED_VARIABLE = YES;
				IPHONEOS_DEPLOYMENT_TARGET = 26.2;
				LOCALIZATION_PREFERS_STRING_CATALOGS = YES;
				MTL_ENABLE_DEBUG_INFO = NO;
				MTL_FAST_MATH = YES;
				SDKROOT = iphoneos;
				SWIFT_COMPILATION_MODE = wholemodule;
				VALIDATE_PRODUCT = YES;
			};
			name = Release;
		};
		83FC44342F50036F0089C5F8 /* Debug */ = {
			isa = XCBuildConfiguration;
			buildSettings = {
				ASSETCATALOG_COMPILER_APPICON_NAME = AppIcon;
				ASSETCATALOG_COMPILER_GLOBAL_ACCENT_COLOR_NAME = AccentColor;
				CODE_SIGN_STYLE = Automatic;
				CURRENT_PROJECT_VERSION = 1;
				DEVELOPMENT_TEAM = 24AZ4L3CTX;
				ENABLE_PREVIEWS = YES;
				GENERATE_INFOPLIST_FILE = NO;
				INFOPLIST_FILE = "MPS-iOS/Info.plist";
				LD_RUNPATH_SEARCH_PATHS = (
					"$(inherited)",
					"@executable_path/Frameworks",
				);
				MARKETING_VERSION = 1.0;
				PRODUCT_BUNDLE_IDENTIFIER = "schoeftware.MPS-iOS";
				PRODUCT_NAME = "$(TARGET_NAME)";
				STRING_CATALOG_GENERATE_SYMBOLS = YES;
				SWIFT_APPROACHABLE_CONCURRENCY = YES;
				SWIFT_DEFAULT_ACTOR_ISOLATION = MainActor;
				SWIFT_EMIT_LOC_STRINGS = YES;
				SWIFT_UPCOMING_FEATURE_MEMBER_IMPORT_VISIBILITY = YES;
				SWIFT_VERSION = 5.0;
				TARGETED_DEVICE_FAMILY = "1,2";
			};
			name = Debug;
		};
		83FC44352F50036F0089C5F8 /* Release */ = {
			isa = XCBuildConfiguration;
			buildSettings = {
				ASSETCATALOG_COMPILER_APPICON_NAME = AppIcon;
				ASSETCATALOG_COMPILER_GLOBAL_ACCENT_COLOR_NAME = AccentColor;
				CODE_SIGN_STYLE = Automatic;
				CURRENT_PROJECT_VERSION = 1;
				DEVELOPMENT_TEAM = 24AZ4L3CTX;
				ENABLE_PREVIEWS = YES;
				GENERATE_INFOPLIST_FILE = NO;
				INFOPLIST_FILE = "MPS-iOS/Info.plist";
				LD_RUNPATH_SEARCH_PATHS = (
					"$(inherited)",
					"@executable_path/Frameworks",
				);
				MARKETING_VERSION = 1.0;
				PRODUCT_BUNDLE_IDENTIFIER = "schoeftware.MPS-iOS";
				PRODUCT_NAME = "$(TARGET_NAME)";
				STRING_CATALOG_GENERATE_SYMBOLS = YES;
				SWIFT_APPROACHABLE_CONCURRENCY = YES;
				SWIFT_DEFAULT_ACTOR_ISOLATION = MainActor;
				SWIFT_EMIT_LOC_STRINGS = YES;
				SWIFT_UPCOMING_FEATURE_MEMBER_IMPORT_VISIBILITY = YES;
				SWIFT_VERSION = 5.0;
				TARGETED_DEVICE_FAMILY = "1,2";
			};
			name = Release;
		};
		83FC44372F50036F0089C5F8 /* Debug */ = {
			isa = XCBuildConfiguration;
			buildSettings = {
				BUNDLE_LOADER = "$(TEST_HOST)";
				CODE_SIGN_STYLE = Automatic;
				CURRENT_PROJECT_VERSION = 1;
				GENERATE_INFOPLIST_FILE = YES;
				IPHONEOS_DEPLOYMENT_TARGET = 26.2;
				MARKETING_VERSION = 1.0;
				PRODUCT_BUNDLE_IDENTIFIER = "schoeftware.MPS-iOSTests";
				PRODUCT_NAME = "$(TARGET_NAME)";
				STRING_CATALOG_GENERATE_SYMBOLS = NO;
				SWIFT_APPROACHABLE_CONCURRENCY = YES;
				SWIFT_EMIT_LOC_STRINGS = NO;
				SWIFT_UPCOMING_FEATURE_MEMBER_IMPORT_VISIBILITY = YES;
				SWIFT_VERSION = 5.0;
				TARGETED_DEVICE_FAMILY = "1,2";
				TEST_HOST = "$(BUILT_PRODUCTS_DIR)/MPS-iOS.app/$(BUNDLE_EXECUTABLE_FOLDER_PATH)/MPS-iOS";
			};
			name = Debug;
		};
		83FC44382F50036F0089C5F8 /* Release */ = {
			isa = XCBuildConfiguration;
			buildSettings = {
				BUNDLE_LOADER = "$(TEST_HOST)";
				CODE_SIGN_STYLE = Automatic;
				CURRENT_PROJECT_VERSION = 1;
				GENERATE_INFOPLIST_FILE = YES;
				IPHONEOS_DEPLOYMENT_TARGET = 26.2;
				MARKETING_VERSION = 1.0;
				PRODUCT_BUNDLE_IDENTIFIER = "schoeftware.MPS-iOSTests";
				PRODUCT_NAME = "$(TARGET_NAME)";
				STRING_CATALOG_GENERATE_SYMBOLS = NO;
				SWIFT_APPROACHABLE_CONCURRENCY = YES;
				SWIFT_EMIT_LOC_STRINGS = NO;
				SWIFT_UPCOMING_FEATURE_MEMBER_IMPORT_VISIBILITY = YES;
				SWIFT_VERSION = 5.0;
				TARGETED_DEVICE_FAMILY = "1,2";
				TEST_HOST = "$(BUILT_PRODUCTS_DIR)/MPS-iOS.app/$(BUNDLE_EXECUTABLE_FOLDER_PATH)/MPS-iOS";
			};
			name = Release;
		};
		83FC443A2F50036F0089C5F8 /* Debug */ = {
			isa = XCBuildConfiguration;
			buildSettings = {
				CODE_SIGN_STYLE = Automatic;
				CURRENT_PROJECT_VERSION = 1;
				GENERATE_INFOPLIST_FILE = YES;
				MARKETING_VERSION = 1.0;
				PRODUCT_BUNDLE_IDENTIFIER = "schoeftware.MPS-iOSUITests";
				PRODUCT_NAME = "$(TARGET_NAME)";
				STRING_CATALOG_GENERATE_SYMBOLS = NO;
				SWIFT_APPROACHABLE_CONCURRENCY = YES;
				SWIFT_EMIT_LOC_STRINGS = NO;
				SWIFT_UPCOMING_FEATURE_MEMBER_IMPORT_VISIBILITY = YES;
				SWIFT_VERSION = 5.0;
				TARGETED_DEVICE_FAMILY = "1,2";
				TEST_TARGET_NAME = "MPS-iOS";
			};
			name = Debug;
		};
		83FC443B2F50036F0089C5F8 /* Release */ = {
			isa = XCBuildConfiguration;
			buildSettings = {
				CODE_SIGN_STYLE = Automatic;
				CURRENT_PROJECT_VERSION = 1;
				GENERATE_INFOPLIST_FILE = YES;
				MARKETING_VERSION = 1.0;
				PRODUCT_BUNDLE_IDENTIFIER = "schoeftware.MPS-iOSUITests";
				PRODUCT_NAME = "$(TARGET_NAME)";
				STRING_CATALOG_GENERATE_SYMBOLS = NO;
				SWIFT_APPROACHABLE_CONCURRENCY = YES;
				SWIFT_EMIT_LOC_STRINGS = NO;
				SWIFT_UPCOMING_FEATURE_MEMBER_IMPORT_VISIBILITY = YES;
				SWIFT_VERSION = 5.0;
				TARGETED_DEVICE_FAMILY = "1,2";
				TEST_TARGET_NAME = "MPS-iOS";
			};
			name = Release;
		};
/* End XCBuildConfiguration section */

/* Begin XCConfigurationList section */
		83FC440B2F50036E0089C5F8 /* Build configuration list for PBXProject "MPS-iOS" */ = {
			isa = XCConfigurationList;
			buildConfigurations = (
				83FC44312F50036F0089C5F8 /* Debug */,
				83FC44322F50036F0089C5F8 /* Release */,
			);
			defaultConfigurationIsVisible = 0;
			defaultConfigurationName = Release;
		};
		83FC44332F50036F0089C5F8 /* Build configuration list for PBXNativeTarget "MPS-iOS" */ = {
			isa = XCConfigurationList;
			buildConfigurations = (
				83FC44342F50036F0089C5F8 /* Debug */,
				83FC44352F50036F0089C5F8 /* Release */,
			);
			defaultConfigurationIsVisible = 0;
			defaultConfigurationName = Release;
		};
		83FC44362F50036F0089C5F8 /* Build configuration list for PBXNativeTarget "MPS-iOSTests" */ = {
			isa = XCConfigurationList;
			buildConfigurations = (
				83FC44372F50036F0089C5F8 /* Debug */,
				83FC44382F50036F0089C5F8 /* Release */,
			);
			defaultConfigurationIsVisible = 0;
			defaultConfigurationName = Release;
		};
		83FC44392F50036F0089C5F8 /* Build configuration list for PBXNativeTarget "MPS-iOSUITests" */ = {
			isa = XCConfigurationList;
			buildConfigurations = (
				83FC443A2F50036F0089C5F8 /* Debug */,
				83FC443B2F50036F0089C5F8 /* Release */,
			);
			defaultConfigurationIsVisible = 0;
			defaultConfigurationName = Release;
		};
/* End XCConfigurationList section */
	};
	rootObject = 83FC44082F50036E0089C5F8 /* Project object */;
}
